// !$*UTF8*$!
{
	archiveVersion = 1;
	classes = {
	};
	objectVersion = 50;
	objects = {

/* Begin PBXBuildFile section */
		34BA5226258B03DC00B51E2A /* FlashCardsApp.swift in Sources */ = {isa = PBXBuildFile; fileRef = 34BA5225258B03DC00B51E2A /* FlashCardsApp.swift */; };
		34BA5228258B03DC00B51E2A /* ContentView.swift in Sources */ = {isa = PBXBuildFile; fileRef = 34BA5227258B03DC00B51E2A /* ContentView.swift */; };
		34BA522A258B03E000B51E2A /* Assets.xcassets in Resources */ = {isa = PBXBuildFile; fileRef = 34BA5229258B03E000B51E2A /* Assets.xcassets */; };
		34BA522D258B03E000B51E2A /* Preview Assets.xcassets in Resources */ = {isa = PBXBuildFile; fileRef = 34BA522C258B03E000B51E2A /* Preview Assets.xcassets */; };
		34BA5238258B08B300B51E2A /* sound-rise.mp3 in Resources */ = {isa = PBXBuildFile; fileRef = 34BA5236258B08B300B51E2A /* sound-rise.mp3 */; };
		34BA5239258B08B300B51E2A /* sound-click.mp3 in Resources */ = {isa = PBXBuildFile; fileRef = 34BA5237258B08B300B51E2A /* sound-click.mp3 */; };
		34BA523C258B097100B51E2A /* Launch Screen.storyboard in Resources */ = {isa = PBXBuildFile; fileRef = 34BA523B258B097100B51E2A /* Launch Screen.storyboard */; };
		34BA523F258B0BF100B51E2A /* HoneymoonModel.swift in Sources */ = {isa = PBXBuildFile; fileRef = 34BA523E258B0BF100B51E2A /* HoneymoonModel.swift */; };
		34BA5243258B0C8300B51E2A /* HoneymoonData.swift in Sources */ = {isa = PBXBuildFile; fileRef = 34BA5242258B0C8300B51E2A /* HoneymoonData.swift */; };
		34BA524A258B0D4100B51E2A /* CardView.swift in Sources */ = {isa = PBXBuildFile; fileRef = 34BA5249258B0D4100B51E2A /* CardView.swift */; };
		34BA524D258B289400B51E2A /* HeaderView.swift in Sources */ = {isa = PBXBuildFile; fileRef = 34BA524C258B289400B51E2A /* HeaderView.swift */; };
/* End PBXBuildFile section */

/* Begin PBXFileReference section */
		34BA5222258B03DC00B51E2A /* FlashCards.app */ = {isa = PBXFileReference; explicitFileType = wrapper.application; includeInIndex = 0; path = FlashCards.app; sourceTree = BUILT_PRODUCTS_DIR; };
		34BA5225258B03DC00B51E2A /* FlashCardsApp.swift */ = {isa = PBXFileReference; lastKnownFileType = sourcecode.swift; path = FlashCardsApp.swift; sourceTree = "<group>"; };
		34BA5227258B03DC00B51E2A /* ContentView.swift */ = {isa = PBXFileReference; lastKnownFileType = sourcecode.swift; path = ContentView.swift; sourceTree = "<group>"; };
		34BA5229258B03E000B51E2A /* Assets.xcassets */ = {isa = PBXFileReference; lastKnownFileType = folder.assetcatalog; path = Assets.xcassets; sourceTree = "<group>"; };
		34BA522C258B03E000B51E2A /* Preview Assets.xcassets */ = {isa = PBXFileReference; lastKnownFileType = folder.assetcatalog; path = "Preview Assets.xcassets"; sourceTree = "<group>"; };
		34BA522E258B03E000B51E2A /* Info.plist */ = {isa = PBXFileReference; lastKnownFileType = text.plist.xml; path = Info.plist; sourceTree = "<group>"; };
		34BA5236258B08B300B51E2A /* sound-rise.mp3 */ = {isa = PBXFileReference; lastKnownFileType = audio.mp3; path = "sound-rise.mp3"; sourceTree = "<group>"; };
		34BA5237258B08B300B51E2A /* sound-click.mp3 */ = {isa = PBXFileReference; lastKnownFileType = audio.mp3; path = "sound-click.mp3"; sourceTree = "<group>"; };
		34BA523B258B097100B51E2A /* Launch Screen.storyboard */ = {isa = PBXFileReference; lastKnownFileType = file.storyboard; path = "Launch Screen.storyboard"; sourceTree = "<group>"; };
		34BA523E258B0BF100B51E2A /* HoneymoonModel.swift */ = {isa = PBXFileReference; lastKnownFileType = sourcecode.swift; path = HoneymoonModel.swift; sourceTree = "<group>"; };
		34BA5242258B0C8300B51E2A /* HoneymoonData.swift */ = {isa = PBXFileReference; lastKnownFileType = sourcecode.swift; path = HoneymoonData.swift; sourceTree = "<group>"; };
		34BA5249258B0D4100B51E2A /* CardView.swift */ = {isa = PBXFileReference; lastKnownFileType = sourcecode.swift; path = CardView.swift; sourceTree = "<group>"; };
		34BA524C258B289400B51E2A /* HeaderView.swift */ = {isa = PBXFileReference; lastKnownFileType = sourcecode.swift; path = HeaderView.swift; sourceTree = "<group>"; };
/* End PBXFileReference section */

/* Begin PBXFrameworksBuildPhase section */
		34BA521F258B03DC00B51E2A /* Frameworks */ = {
			isa = PBXFrameworksBuildPhase;
			buildActionMask = 2147483647;
			files = (
			);
			runOnlyForDeploymentPostprocessing = 0;
		};
/* End PBXFrameworksBuildPhase section */

/* Begin PBXGroup section */
		34BA5219258B03DC00B51E2A = {
			isa = PBXGroup;
			children = (
				34BA5224258B03DC00B51E2A /* FlashCards */,
				34BA5223258B03DC00B51E2A /* Products */,
			);
			sourceTree = "<group>";
		};
		34BA5223258B03DC00B51E2A /* Products */ = {
			isa = PBXGroup;
			children = (
				34BA5222258B03DC00B51E2A /* FlashCards.app */,
			);
			name = Products;
			sourceTree = "<group>";
		};
		34BA5224258B03DC00B51E2A /* FlashCards */ = {
			isa = PBXGroup;
			children = (
				34BA5248258B0D1D00B51E2A /* View */,
				34BA5246258B0C8900B51E2A /* Data */,
				34BA5241258B0C3600B51E2A /* Model */,
				34BA5235258B08B300B51E2A /* Sounds */,
				34BA5225258B03DC00B51E2A /* FlashCardsApp.swift */,
				34BA5229258B03E000B51E2A /* Assets.xcassets */,
				34BA522E258B03E000B51E2A /* Info.plist */,
				34BA522B258B03E000B51E2A /* Preview Content */,
				34BA523B258B097100B51E2A /* Launch Screen.storyboard */,
			);
			path = FlashCards;
			sourceTree = "<group>";
		};
		34BA522B258B03E000B51E2A /* Preview Content */ = {
			isa = PBXGroup;
			children = (
				34BA522C258B03E000B51E2A /* Preview Assets.xcassets */,
			);
			path = "Preview Content";
			sourceTree = "<group>";
		};
		34BA5235258B08B300B51E2A /* Sounds */ = {
			isa = PBXGroup;
			children = (
				34BA5236258B08B300B51E2A /* sound-rise.mp3 */,
				34BA5237258B08B300B51E2A /* sound-click.mp3 */,
			);
			path = Sounds;
			sourceTree = "<group>";
		};
		34BA5241258B0C3600B51E2A /* Model */ = {
			isa = PBXGroup;
			children = (
				34BA523E258B0BF100B51E2A /* HoneymoonModel.swift */,
			);
			path = Model;
			sourceTree = "<group>";
		};
		34BA5246258B0C8900B51E2A /* Data */ = {
			isa = PBXGroup;
			children = (
				34BA5242258B0C8300B51E2A /* HoneymoonData.swift */,
			);
			path = Data;
			sourceTree = "<group>";
		};
		34BA5248258B0D1D00B51E2A /* View */ = {
			isa = PBXGroup;
			children = (
				34BA5227258B03DC00B51E2A /* ContentView.swift */,
				34BA5249258B0D4100B51E2A /* CardView.swift */,
				34BA524C258B289400B51E2A /* HeaderView.swift */,
			);
			path = View;
			sourceTree = "<group>";
		};
/* End PBXGroup section */

/* Begin PBXNativeTarget section */
		34BA5221258B03DC00B51E2A /* FlashCards */ = {
			isa = PBXNativeTarget;
			buildConfigurationList = 34BA5231258B03E000B51E2A /* Build configuration list for PBXNativeTarget "FlashCards" */;
			buildPhases = (
				34BA521E258B03DC00B51E2A /* Sources */,
				34BA521F258B03DC00B51E2A /* Frameworks */,
				34BA5220258B03DC00B51E2A /* Resources */,
			);
			buildRules = (
			);
			dependencies = (
			);
			name = FlashCards;
			productName = FlashCards;
			productReference = 34BA5222258B03DC00B51E2A /* FlashCards.app */;
			productType = "com.apple.product-type.application";
		};
/* End PBXNativeTarget section */

/* Begin PBXProject section */
		34BA521A258B03DC00B51E2A /* Project object */ = {
			isa = PBXProject;
			attributes = {
				LastSwiftUpdateCheck = 1230;
				LastUpgradeCheck = 1230;
				TargetAttributes = {
					34BA5221258B03DC00B51E2A = {
						CreatedOnToolsVersion = 12.3;
					};
				};
			};
			buildConfigurationList = 34BA521D258B03DC00B51E2A /* Build configuration list for PBXProject "FlashCards" */;
			compatibilityVersion = "Xcode 9.3";
			developmentRegion = en;
			hasScannedForEncodings = 0;
			knownRegions = (
				en,
				Base,
			);
			mainGroup = 34BA5219258B03DC00B51E2A;
			productRefGroup = 34BA5223258B03DC00B51E2A /* Products */;
			projectDirPath = "";
			projectRoot = "";
			targets = (
				34BA5221258B03DC00B51E2A /* FlashCards */,
			);
		};
/* End PBXProject section */

/* Begin PBXResourcesBuildPhase section */
		34BA5220258B03DC00B51E2A /* Resources */ = {
			isa = PBXResourcesBuildPhase;
			buildActionMask = 2147483647;
			files = (
				34BA5238258B08B300B51E2A /* sound-rise.mp3 in Resources */,
				34BA5239258B08B300B51E2A /* sound-click.mp3 in Resources */,
				34BA522D258B03E000B51E2A /* Preview Assets.xcassets in Resources */,
				34BA523C258B097100B51E2A /* Launch Screen.storyboard in Resources */,
				34BA522A258B03E000B51E2A /* Assets.xcassets in Resources */,
			);
			runOnlyForDeploymentPostprocessing = 0;
		};
/* End PBXResourcesBuildPhase section */

/* Begin PBXSourcesBuildPhase section */
		34BA521E258B03DC00B51E2A /* Sources */ = {
			isa = PBXSourcesBuildPhase;
			buildActionMask = 2147483647;
			files = (
				34BA5243258B0C8300B51E2A /* HoneymoonData.swift in Sources */,
				34BA524D258B289400B51E2A /* HeaderView.swift in Sources */,
				34BA523F258B0BF100B51E2A /* HoneymoonModel.swift in Sources */,
				34BA5228258B03DC00B51E2A /* ContentView.swift in Sources */,
				34BA5226258B03DC00B51E2A /* FlashCardsApp.swift in Sources */,
				34BA524A258B0D4100B51E2A /* CardView.swift in Sources */,
			);
			runOnlyForDeploymentPostprocessing = 0;
		};
/* End PBXSourcesBuildPhase section */

/* Begin XCBuildConfiguration section */
		34BA522F258B03E000B51E2A /* Debug */ = {
			isa = XCBuildConfiguration;
			buildSettings = {
				ALWAYS_SEARCH_USER_PATHS = NO;
				CLANG_ANALYZER_NONNULL = YES;
				CLANG_ANALYZER_NUMBER_OBJECT_CONVERSION = YES_AGGRESSIVE;
				CLANG_CXX_LANGUAGE_STANDARD = "gnu++14";
				CLANG_CXX_LIBRARY = "libc++";
				CLANG_ENABLE_MODULES = YES;
				CLANG_ENABLE_OBJC_ARC = YES;
				CLANG_ENABLE_OBJC_WEAK = YES;
				CLANG_WARN_BLOCK_CAPTURE_AUTORELEASING = YES;
				CLANG_WARN_BOOL_CONVERSION = YES;
				CLANG_WARN_COMMA = YES;
				CLANG_WARN_CONSTANT_CONVERSION = YES;
				CLANG_WARN_DEPRECATED_OBJC_IMPLEMENTATIONS = YES;
				CLANG_WARN_DIRECT_OBJC_ISA_USAGE = YES_ERROR;
				CLANG_WARN_DOCUMENTATION_COMMENTS = YES;
				CLANG_WARN_EMPTY_BODY = YES;
				CLANG_WARN_ENUM_CONVERSION = YES;
				CLANG_WARN_INFINITE_RECURSION = YES;
				CLANG_WARN_INT_CONVERSION = YES;
				CLANG_WARN_NON_LITERAL_NULL_CONVERSION = YES;
				CLANG_WARN_OBJC_IMPLICIT_RETAIN_SELF = YES;
				CLANG_WARN_OBJC_LITERAL_CONVERSION = YES;
				CLANG_WARN_OBJC_ROOT_CLASS = YES_ERROR;
				CLANG_WARN_QUOTED_INCLUDE_IN_FRAMEWORK_HEADER = YES;
				CLANG_WARN_RANGE_LOOP_ANALYSIS = YES;
				CLANG_WARN_STRICT_PROTOTYPES = YES;
				CLANG_WARN_SUSPICIOUS_MOVE = YES;
				CLANG_WARN_UNGUARDED_AVAILABILITY = YES_AGGRESSIVE;
				CLANG_WARN_UNREACHABLE_CODE = YES;
				CLANG_WARN__DUPLICATE_METHOD_MATCH = YES;
				COPY_PHASE_STRIP = NO;
				DEBUG_INFORMATION_FORMAT = dwarf;
				ENABLE_STRICT_OBJC_MSGSEND = YES;
				ENABLE_TESTABILITY = YES;
				GCC_C_LANGUAGE_STANDARD = gnu11;
				GCC_DYNAMIC_NO_PIC = NO;
				GCC_NO_COMMON_BLOCKS = YES;
				GCC_OPTIMIZATION_LEVEL = 0;
				GCC_PREPROCESSOR_DEFINITIONS = (
					"DEBUG=1",
					"$(inherited)",
				);
				GCC_WARN_64_TO_32_BIT_CONVERSION = YES;
				GCC_WARN_ABOUT_RETURN_TYPE = YES_ERROR;
				GCC_WARN_UNDECLARED_SELECTOR = YES;
				GCC_WARN_UNINITIALIZED_AUTOS = YES_AGGRESSIVE;
				GCC_WARN_UNUSED_FUNCTION = YES;
				GCC_WARN_UNUSED_VARIABLE = YES;
				IPHONEOS_DEPLOYMENT_TARGET = 14.3;
				MTL_ENABLE_DEBUG_INFO = INCLUDE_SOURCE;
				MTL_FAST_MATH = YES;
				ONLY_ACTIVE_ARCH = YES;
				SDKROOT = iphoneos;
				SWIFT_ACTIVE_COMPILATION_CONDITIONS = DEBUG;
				SWIFT_OPTIMIZATION_LEVEL = "-Onone";
			};
			name = Debug;
		};
		34BA5230258B03E000B51E2A /* Release */ = {
			isa = XCBuildConfiguration;
			buildSettings = {
				ALWAYS_SEARCH_USER_PATHS = NO;
				CLANG_ANALYZER_NONNULL = YES;
				CLANG_ANALYZER_NUMBER_OBJECT_CONVERSION = YES_AGGRESSIVE;
				CLANG_CXX_LANGUAGE_STANDARD = "gnu++14";
				CLANG_CXX_LIBRARY = "libc++";
				CLANG_ENABLE_MODULES = YES;
				CLANG_ENABLE_OBJC_ARC = YES;
				CLANG_ENABLE_OBJC_WEAK = YES;
				CLANG_WARN_BLOCK_CAPTURE_AUTORELEASING = YES;
				CLANG_WARN_BOOL_CONVERSION = YES;
				CLANG_WARN_COMMA = YES;
				CLANG_WARN_CONSTANT_CONVERSION = YES;
				CLANG_WARN_DEPRECATED_OBJC_IMPLEMENTATIONS = YES;
				CLANG_WARN_DIRECT_OBJC_ISA_USAGE = YES_ERROR;
				CLANG_WARN_DOCUMENTATION_COMMENTS = YES;
				CLANG_WARN_EMPTY_BODY = YES;
				CLANG_WARN_ENUM_CONVERSION = YES;
				CLANG_WARN_INFINITE_RECURSION = YES;
				CLANG_WARN_INT_CONVERSION = YES;
				CLANG_WARN_NON_LITERAL_NULL_CONVERSION = YES;
				CLANG_WARN_OBJC_IMPLICIT_RETAIN_SELF = YES;
				CLANG_WARN_OBJC_LITERAL_CONVERSION = YES;
				CLANG_WARN_OBJC_ROOT_CLASS = YES_ERROR;
				CLANG_WARN_QUOTED_INCLUDE_IN_FRAMEWORK_HEADER = YES;
				CLANG_WARN_RANGE_LOOP_ANALYSIS = YES;
				CLANG_WARN_STRICT_PROTOTYPES = YES;
				CLANG_WARN_SUSPICIOUS_MOVE = YES;
				CLANG_WARN_UNGUARDED_AVAILABILITY = YES_AGGRESSIVE;
				CLANG_WARN_UNREACHABLE_CODE = YES;
				CLANG_WARN__DUPLICATE_METHOD_MATCH = YES;
				COPY_PHASE_STRIP = NO;
				DEBUG_INFORMATION_FORMAT = "dwarf-with-dsym";
				ENABLE_NS_ASSERTIONS = NO;
				ENABLE_STRICT_OBJC_MSGSEND = YES;
				GCC_C_LANGUAGE_STANDARD = gnu11;
				GCC_NO_COMMON_BLOCKS = YES;
				GCC_WARN_64_TO_32_BIT_CONVERSION = YES;
				GCC_WARN_ABOUT_RETURN_TYPE = YES_ERROR;
				GCC_WARN_UNDECLARED_SELECTOR = YES;
				GCC_WARN_UNINITIALIZED_AUTOS = YES_AGGRESSIVE;
				GCC_WARN_UNUSED_FUNCTION = YES;
				GCC_WARN_UNUSED_VARIABLE = YES;
				IPHONEOS_DEPLOYMENT_TARGET = 14.3;
				MTL_ENABLE_DEBUG_INFO = NO;
				MTL_FAST_MATH = YES;
				SDKROOT = iphoneos;
				SWIFT_COMPILATION_MODE = wholemodule;
				SWIFT_OPTIMIZATION_LEVEL = "-O";
				VALIDATE_PRODUCT = YES;
			};
			name = Release;
		};
		34BA5232258B03E000B51E2A /* Debug */ = {
			isa = XCBuildConfiguration;
			buildSettings = {
				ASSETCATALOG_COMPILER_APPICON_NAME = AppIcon;
				ASSETCATALOG_COMPILER_GLOBAL_ACCENT_COLOR_NAME = AccentColor;
				CODE_SIGN_STYLE = Automatic;
				DEVELOPMENT_ASSET_PATHS = "\"FlashCards/Preview Content\"";
				DEVELOPMENT_TEAM = 8M653N6FJ4;
				ENABLE_PREVIEWS = YES;
				INFOPLIST_FILE = FlashCards/Info.plist;
				IPHONEOS_DEPLOYMENT_TARGET = 14.0;
				LD_RUNPATH_SEARCH_PATHS = (
					"$(inherited)",
					"@executable_path/Frameworks",
				);
				PRODUCT_BUNDLE_IDENTIFIER = com.shenxiaochun.FlashCards;
				PRODUCT_NAME = "$(TARGET_NAME)";
				SWIFT_VERSION = 5.0;
				TARGETED_DEVICE_FAMILY = "1,2";
			};
			name = Debug;
		};
		34BA5233258B03E000B51E2A /* Release */ = {
			isa = XCBuildConfiguration;
			buildSettings = {
				ASSETCATALOG_COMPILER_APPICON_NAME = AppIcon;
				ASSETCATALOG_COMPILER_GLOBAL_ACCENT_COLOR_NAME = AccentColor;
				CODE_SIGN_STYLE = Automatic;
				DEVELOPMENT_ASSET_PATHS = "\"FlashCards/Preview Content\"";
				DEVELOPMENT_TEAM = 8M653N6FJ4;
				ENABLE_PREVIEWS = YES;
				INFOPLIST_FILE = FlashCards/Info.plist;
				IPHONEOS_DEPLOYMENT_TARGET = 14.0;
				LD_RUNPATH_SEARCH_PATHS = (
					"$(inherited)",
					"@executable_path/Frameworks",
				);
				PRODUCT_BUNDLE_IDENTIFIER = com.shenxiaochun.FlashCards;
				PRODUCT_NAME = "$(TARGET_NAME)";
				SWIFT_VERSION = 5.0;
				TARGETED_DEVICE_FAMILY = "1,2";
			};
			name = Release;
		};
/* End XCBuildConfiguration section */

/* Begin XCConfigurationList section */
		34BA521D258B03DC00B51E2A /* Build configuration list for PBXProject "FlashCards" */ = {
			isa = XCConfigurationList;
			buildConfigurations = (
				34BA522F258B03E000B51E2A /* Debug */,
				34BA5230258B03E000B51E2A /* Release */,
			);
			defaultConfigurationIsVisible = 0;
			defaultConfigurationName = Release;
		};
		34BA5231258B03E000B51E2A /* Build configuration list for PBXNativeTarget "FlashCards" */ = {
			isa = XCConfigurationList;
			buildConfigurations = (
				34BA5232258B03E000B51E2A /* Debug */,
				34BA5233258B03E000B51E2A /* Release */,
			);
			defaultConfigurationIsVisible = 0;
			defaultConfigurationName = Release;
		};
/* End XCConfigurationList section */
	};
	rootObject = 34BA521A258B03DC00B51E2A /* Project object */;
}
